lockfileVersion: '6.0'

settings:
  autoInstallPeers: true
  excludeLinksFromLockfile: false

devDependencies:
  '@types/graceful-fs':
    specifier: ^4.1.9
    version: 4.1.9
  '@types/gradient-string':
    specifier: ^1.1.5
    version: 1.1.5
  '@types/node':
    specifier: ^20.10.2
    version: 20.10.2
  '@types/nunjucks':
    specifier: ^3.2.6
    version: 3.2.6
  '@types/parseurl':
    specifier: ^1.3.3
    version: 1.3.3
  '@types/send':
    specifier: ^0.17.4
    version: 0.17.4
  '@types/sprintf-js':
    specifier: ^1.1.4
    version: 1.1.4
  '@vercel/ncc':
    specifier: ^0.38.1
    version: 0.38.1
  chalk:
    specifier: ^5.3.0
    version: 5.3.0
  chokidar:
    specifier: ^3.5.3
    version: 3.5.3
  date-fns:
    specifier: ^2.30.0
    version: 2.30.0
  graceful-fs:
    specifier: ^4.2.11
    version: 4.2.11
  gradient-string:
    specifier: ^2.0.2
    version: 2.0.2
  gray-matter:
    specifier: ^4.0.3
    version: 4.0.3
  h3:
    specifier: ^1.9.0
    version: 1.9.0
  marked:
    specifier: ^11.0.1
    version: 11.0.1
  nunjucks:
    specifier: ^3.2.4
    version: 3.2.4(chokidar@3.5.3)
  parseurl:
    specifier: ^1.3.3
    version: 1.3.3
  send:
    specifier: ^0.18.0
    version: 0.18.0
  slugify:
    specifier: ^1.6.6
    version: 1.6.6
  sprintf-js:
    specifier: ^1.1.3
    version: 1.1.3
  ts-node:
    specifier: ^10.9.1
    version: 10.9.1(@types/node@20.10.2)(typescript@5.3.2)
  typescript:
    specifier: ^5.3.2
    version: 5.3.2

packages:

  /@babel/runtime@7.23.6:
    resolution: {integrity: sha512-zHd0eUrf5GZoOWVCXp6koAKQTfZV07eit6bGPmJgnZdnSAvvZee6zniW2XMF7Cmc4ISOOnPy3QaSiIJGJkVEDQ==}
    engines: {node: '>=6.9.0'}
    dependencies:
      regenerator-runtime: 0.14.1
    dev: true

  /@cspotcode/source-map-support@0.8.1:
    resolution: {integrity: sha512-IchNf6dN4tHoMFIn/7OE8LWZ19Y6q/67Bmf6vnGREv8RSbBVb9LPJxEcnwrcwX6ixSvaiGoomAUvu4YSxXrVgw==}
    engines: {node: '>=12'}
    dependencies:
      '@jridgewell/trace-mapping': 0.3.9
    dev: true

  /@jridgewell/resolve-uri@3.1.1:
    resolution: {integrity: sha512-dSYZh7HhCDtCKm4QakX0xFpsRDqjjtZf/kjI/v3T3Nwt5r8/qz/M19F9ySyOqU94SXBmeG9ttTul+YnR4LOxFA==}
    engines: {node: '>=6.0.0'}
    dev: true

  /@jridgewell/sourcemap-codec@1.4.15:
    resolution: {integrity: sha512-eF2rxCRulEKXHTRiDrDy6erMYWqNw4LPdQ8UQA4huuxaQsVeRPFl2oM8oDGxMFhJUWZf9McpLtJasDDZb/Bpeg==}
    dev: true

  /@jridgewell/trace-mapping@0.3.9:
    resolution: {integrity: sha512-3Belt6tdc8bPgAtbcmdtNJlirVoTmEb5e2gC94PnkwEW9jI6CAHUeoG85tjWP5WquqfavoMtMwiG4P926ZKKuQ==}
    dependencies:
      '@jridgewell/resolve-uri': 3.1.1
      '@jridgewell/sourcemap-codec': 1.4.15
    dev: true

  /@tsconfig/node10@1.0.9:
    resolution: {integrity: sha512-jNsYVVxU8v5g43Erja32laIDHXeoNvFEpX33OK4d6hljo3jDhCBDhx5dhCCTMWUojscpAagGiRkBKxpdl9fxqA==}
    dev: true

  /@tsconfig/node12@1.0.11:
    resolution: {integrity: sha512-cqefuRsh12pWyGsIoBKJA9luFu3mRxCA+ORZvA4ktLSzIuCUtWVxGIuXigEwO5/ywWFMZ2QEGKWvkZG1zDMTag==}
    dev: true

  /@tsconfig/node14@1.0.3:
    resolution: {integrity: sha512-ysT8mhdixWK6Hw3i1V2AeRqZ5WfXg1G43mqoYlM2nc6388Fq5jcXyr5mRsqViLx/GJYdoL0bfXD8nmF+Zn/Iow==}
    dev: true

  /@tsconfig/node16@1.0.4:
    resolution: {integrity: sha512-vxhUy4J8lyeyinH7Azl1pdd43GJhZH/tP2weN8TntQblOY+A0XbT8DJk1/oCPuOOyg/Ja757rG0CgHcWC8OfMA==}
    dev: true

  /@types/graceful-fs@4.1.9:
    resolution: {integrity: sha512-olP3sd1qOEe5dXTSaFvQG+02VdRXcdytWLAZsAq1PecU8uqQAhkrnbli7DagjtXKW/Bl7YJbUsa8MPcuc8LHEQ==}
    dependencies:
      '@types/node': 20.10.2
    dev: true

  /@types/gradient-string@1.1.5:
    resolution: {integrity: sha512-Z2VPQ0q+IhrAO7XjJSjpDsoPc+CsCshRNah1IE9LCo/NzHMHylssvx73i0BAKzuaGj9cdhmgq9rLaietpYAbKQ==}
    dependencies:
      '@types/tinycolor2': 1.4.6
    dev: true

  /@types/mime@1.3.5:
    resolution: {integrity: sha512-/pyBZWSLD2n0dcHE3hq8s8ZvcETHtEuF+3E7XVt0Ig2nvsVQXdghHVcEkIWjy9A0wKfTn97a/PSDYohKIlnP/w==}
    dev: true

  /@types/node@20.10.2:
    resolution: {integrity: sha512-37MXfxkb0vuIlRKHNxwCkb60PNBpR94u4efQuN4JgIAm66zfCDXGSAFCef9XUWFovX2R1ok6Z7MHhtdVXXkkIw==}
    dependencies:
      undici-types: 5.26.5
    dev: true

  /@types/nunjucks@3.2.6:
    resolution: {integrity: sha512-pHiGtf83na1nCzliuAdq8GowYiXvH5l931xZ0YEHaLMNFgynpEqx+IPStlu7UaDkehfvl01e4x/9Tpwhy7Ue3w==}
    dev: true

  /@types/parseurl@1.3.3:
    resolution: {integrity: sha512-eamlh+uXpNIG2yVdl6UdBTR3B6jtmJl/JWTNTQAN1K3VH1s5F6UPOhgLwCnU9FJ7R/PnUsRN9zFSpMcxwa2Ndg==}
    dependencies:
      '@types/node': 20.10.2
    dev: true

  /@types/send@0.17.4:
    resolution: {integrity: sha512-x2EM6TJOybec7c52BX0ZspPodMsQUd5L6PRwOunVyVUhXiBSKf3AezDL8Dgvgt5o0UfKNfuA0eMLr2wLT4AiBA==}
    dependencies:
      '@types/mime': 1.3.5
      '@types/node': 20.10.2
    dev: true

  /@types/sprintf-js@1.1.4:
    resolution: {integrity: sha512-aWK1reDYWxcjgcIIPmQi3u+OQDuYa9b+lr6eIsGWrekJ9vr1NSjr4Eab8oQ1iKuH1ltFHpXGyerAv1a3FMKxzQ==}
    dev: true

  /@types/tinycolor2@1.4.6:
    resolution: {integrity: sha512-iEN8J0BoMnsWBqjVbWH/c0G0Hh7O21lpR2/+PrvAVgWdzL7eexIFm4JN/Wn10PTcmNdtS6U67r499mlWMXOxNw==}
    dev: true

  /@vercel/ncc@0.38.1:
    resolution: {integrity: sha512-IBBb+iI2NLu4VQn3Vwldyi2QwaXt5+hTyh58ggAMoCGE6DJmPvwL3KPBWcJl1m9LYPChBLE980Jw+CS4Wokqxw==}
    hasBin: true
    dev: true

  /a-sync-waterfall@1.0.1:
    resolution: {integrity: sha512-RYTOHHdWipFUliRFMCS4X2Yn2X8M87V/OpSqWzKKOGhzqyUxzyVmhHDH9sAvG+ZuQf/TAOFsLCpMw09I1ufUnA==}
    dev: true

  /acorn-walk@8.3.0:
    resolution: {integrity: sha512-FS7hV565M5l1R08MXqo8odwMTB02C2UqzB17RVgu9EyuYFBqJZ3/ZY97sQD5FewVu1UyDFc1yztUDrAwT0EypA==}
    engines: {node: '>=0.4.0'}
    dev: true

  /acorn@8.11.2:
    resolution: {integrity: sha512-nc0Axzp/0FILLEVsm4fNwLCwMttvhEI263QtVPQcbpfZZ3ts0hLsZGOpE6czNlid7CJ9MlyH8reXkpsf3YUY4w==}
    engines: {node: '>=0.4.0'}
    hasBin: true
    dev: true

  /ansi-styles@4.3.0:
    resolution: {integrity: sha512-zbB9rCJAT1rbjiVDb2hqKFHNYLxgtk8NURxZ3IZwD3F6NtxbXZQCnnSi1Lkx+IDohdPlFp222wVALIheZJQSEg==}
    engines: {node: '>=8'}
    dependencies:
      color-convert: 2.0.1
    dev: true

  /anymatch@3.1.3:
    resolution: {integrity: sha512-KMReFUr0B4t+D+OBkjR3KYqvocp2XaSzO55UcB6mgQMd3KbcE+mWTyvVV7D/zsdEbNnV6acZUutkiHQXvTr1Rw==}
    engines: {node: '>= 8'}
    dependencies:
      normalize-path: 3.0.0
      picomatch: 2.3.1
    dev: true

  /arg@4.1.3:
    resolution: {integrity: sha512-58S9QDqG0Xx27YwPSt9fJxivjYl432YCwfDMfZ+71RAqUrZef7LrKQZ3LHLOwCS4FLNBplP533Zx895SeOCHvA==}
    dev: true

  /argparse@1.0.10:
    resolution: {integrity: sha512-o5Roy6tNG4SL/FOkCAN6RzjiakZS25RLYFrcMttJqbdd8BWrnA+fGz57iN5Pb06pvBGvl5gQ0B48dJlslXvoTg==}
    dependencies:
      sprintf-js: 1.0.3
    dev: true

  /asap@2.0.6:
    resolution: {integrity: sha512-BSHWgDSAiKs50o2Re8ppvp3seVHXSRM44cdSsT9FfNEUUZLOGWVCsiWaRPWM1Znn+mqZ1OfVZ3z3DWEzSp7hRA==}
    dev: true

  /binary-extensions@2.2.0:
    resolution: {integrity: sha512-jDctJ/IVQbZoJykoeHbhXpOlNBqGNcwXJKJog42E5HDPUwQTSdjCHdihjj0DlnheQ7blbT6dHOafNAiS8ooQKA==}
    engines: {node: '>=8'}
    dev: true

  /braces@3.0.2:
    resolution: {integrity: sha512-b8um+L1RzM3WDSzvhm6gIz1yfTbBt6YTlcEKAvsmqCZZFw46z626lVj9j1yEPW33H5H+lBQpZMP1k8l+78Ha0A==}
    engines: {node: '>=8'}
    dependencies:
      fill-range: 7.0.1
    dev: true

  /chalk@4.1.2:
    resolution: {integrity: sha512-oKnbhFyRIXpUuez8iBMmyEa4nbj4IOQyuhc/wy9kY7/WVPcwIO9VA668Pu8RkO7+0G76SLROeyw9CpQ061i4mA==}
    engines: {node: '>=10'}
    dependencies:
      ansi-styles: 4.3.0
      supports-color: 7.2.0
    dev: true

  /chalk@5.3.0:
    resolution: {integrity: sha512-dLitG79d+GV1Nb/VYcCDFivJeK1hiukt9QjRNVOsUtTy1rR1YJsmpGGTZ3qJos+uw7WmWF4wUwBd9jxjocFC2w==}
    engines: {node: ^12.17.0 || ^14.13 || >=16.0.0}
    dev: true

  /chokidar@3.5.3:
    resolution: {integrity: sha512-Dr3sfKRP6oTcjf2JmUmFJfeVMvXBdegxB0iVQ5eb2V10uFJUCAS8OByZdVAyVb8xXNz3GjjTgj9kLWsZTqE6kw==}
    engines: {node: '>= 8.10.0'}
    dependencies:
      anymatch: 3.1.3
      braces: 3.0.2
      glob-parent: 5.1.2
      is-binary-path: 2.1.0
      is-glob: 4.0.3
      normalize-path: 3.0.0
      readdirp: 3.6.0
    optionalDependencies:
      fsevents: 2.3.3
    dev: true

  /color-convert@2.0.1:
    resolution: {integrity: sha512-RRECPsj7iu/xb5oKYcsFHSppFNnsj/52OVTRKb4zP5onXwVF3zVmmToNcOfGC+CRDpfK/U584fMg38ZHCaElKQ==}
    engines: {node: '>=7.0.0'}
    dependencies:
      color-name: 1.1.4
    dev: true

  /color-name@1.1.4:
    resolution: {integrity: sha512-dOy+3AuW3a2wNbZHIuMZpTcgjGuLU/uBL/ubcZF9OXbDo8ff4O8yVp5Bf0efS8uEoYo5q4Fx7dY9OgQGXgAsQA==}
    dev: true

  /commander@5.1.0:
    resolution: {integrity: sha512-P0CysNDQ7rtVw4QIQtm+MRxV66vKFSvlsQvGYXZWR3qFU0jlMKHZZZgw8e+8DSah4UDKMqnknRDQz+xuQXQ/Zg==}
    engines: {node: '>= 6'}
    dev: true

  /consola@3.2.3:
    resolution: {integrity: sha512-I5qxpzLv+sJhTVEoLYNcTW+bThDCPsit0vLNKShZx6rLtpilNpmmeTPaeqJb9ZE9dV3DGaeby6Vuhrw38WjeyQ==}
    engines: {node: ^14.18.0 || >=16.10.0}
    dev: true

  /cookie-es@1.0.0:
    resolution: {integrity: sha512-mWYvfOLrfEc996hlKcdABeIiPHUPC6DM2QYZdGGOvhOTbA3tjm2eBwqlJpoFdjC89NI4Qt6h0Pu06Mp+1Pj5OQ==}
    dev: true

  /create-require@1.1.1:
    resolution: {integrity: sha512-dcKFX3jn0MpIaXjisoRvexIJVEKzaq7z2rZKxf+MSr9TkdmHmsU4m2lcLojrj/FHl8mk5VxMmYA+ftRkP/3oKQ==}
    dev: true

  /date-fns@2.30.0:
    resolution: {integrity: sha512-fnULvOpxnC5/Vg3NCiWelDsLiUc9bRwAPs/+LfTLNvetFCtCTN+yQz15C/fs4AwX1R9K5GLtLfn8QW+dWisaAw==}
    engines: {node: '>=0.11'}
    dependencies:
      '@babel/runtime': 7.23.6
    dev: true

  /debug@2.6.9:
    resolution: {integrity: sha512-bC7ElrdJaJnPbAP+1EotYvqZsb3ecl5wi6Bfi6BJTUcNowp6cvspg0jXznRTKDjm/E7AdgFBVeAPVMNcKGsHMA==}
    peerDependencies:
      supports-color: '*'
    peerDependenciesMeta:
      supports-color:
        optional: true
    dependencies:
      ms: 2.0.0
    dev: true

  /defu@6.1.3:
    resolution: {integrity: sha512-Vy2wmG3NTkmHNg/kzpuvHhkqeIx3ODWqasgCRbKtbXEN0G+HpEEv9BtJLp7ZG1CZloFaC41Ah3ZFbq7aqCqMeQ==}
    dev: true

  /depd@2.0.0:
    resolution: {integrity: sha512-g7nH6P6dyDioJogAAGprGpCtVImJhpPk/roCzdb3fIh61/s/nPsfR6onyMwkCAR/OlC3yBC0lESvUoQEAssIrw==}
    engines: {node: '>= 0.8'}
    dev: true

  /destr@2.0.2:
    resolution: {integrity: sha512-65AlobnZMiCET00KaFFjUefxDX0khFA/E4myqZ7a6Sq1yZtR8+FVIvilVX66vF2uobSumxooYZChiRPCKNqhmg==}
    dev: true

  /destroy@1.2.0:
    resolution: {integrity: sha512-2sJGJTaXIIaR1w4iJSNoN0hnMY7Gpc/n8D4qSCJw8QqFWXf7cuAgnEHxBpweaVcPevC2l3KpjYCx3NypQQgaJg==}
    engines: {node: '>= 0.8', npm: 1.2.8000 || >= 1.4.16}
    dev: true

  /diff@4.0.2:
    resolution: {integrity: sha512-58lmxKSA4BNyLz+HHMUzlOEpg09FV+ev6ZMe3vJihgdxzgcwZ8VoEEPmALCZG9LmqfVoNMMKpttIYTVG6uDY7A==}
    engines: {node: '>=0.3.1'}
    dev: true

  /ee-first@1.1.1:
    resolution: {integrity: sha512-WMwm9LhRUo+WUaRN+vRuETqG89IgZphVSNkdFgeb6sS/E4OrDIN7t48CAewSHXc6C8lefD8KKfr5vY61brQlow==}
    dev: true

  /encodeurl@1.0.2:
    resolution: {integrity: sha512-TPJXq8JqFaVYm2CWmPvnP2Iyo4ZSM7/QKcSmuMLDObfpH5fi7RUGmd/rTDf+rut/saiDiQEeVTNgAmJEdAOx0w==}
    engines: {node: '>= 0.8'}
    dev: true

  /escape-html@1.0.3:
    resolution: {integrity: sha512-NiSupZ4OeuGwr68lGIeym/ksIZMJodUGOSCZ/FSnTxcrekbvqrgdUxlJOMpijaKZVjAJrWrGs/6Jy8OMuyj9ow==}
    dev: true

  /esprima@4.0.1:
    resolution: {integrity: sha512-eGuFFw7Upda+g4p+QHvnW0RyTX/SVeJBDM/gCtMARO0cLuT2HcEKnTPvhjV6aGeqrCB/sbNop0Kszm0jsaWU4A==}
    engines: {node: '>=4'}
    hasBin: true
    dev: true

  /etag@1.8.1:
    resolution: {integrity: sha512-aIL5Fx7mawVa300al2BnEE4iNvo1qETxLrPI/o05L7z6go7fCw1J6EQmbK4FmJ2AS7kgVF/KEZWufBfdClMcPg==}
    engines: {node: '>= 0.6'}
    dev: true

  /extend-shallow@2.0.1:
    resolution: {integrity: sha512-zCnTtlxNoAiDc3gqY2aYAWFx7XWWiasuF2K8Me5WbN8otHKTUKBwjPtNpRs/rbUZm7KxWAaNj7P1a/p52GbVug==}
    engines: {node: '>=0.10.0'}
    dependencies:
      is-extendable: 0.1.1
    dev: true

  /fill-range@7.0.1:
    resolution: {integrity: sha512-qOo9F+dMUmC2Lcb4BbVvnKJxTPjCm+RRpe4gDuGrzkL7mEVl/djYSu2OdQ2Pa302N4oqkSg9ir6jaLWJ2USVpQ==}
    engines: {node: '>=8'}
    dependencies:
      to-regex-range: 5.0.1
    dev: true

  /fresh@0.5.2:
    resolution: {integrity: sha512-zJ2mQYM18rEFOudeV4GShTGIQ7RbzA7ozbU9I/XBpm7kqgMywgmylMwXHxZJmkVoYkna9d2pVXVXPdYTP9ej8Q==}
    engines: {node: '>= 0.6'}
    dev: true

  /fsevents@2.3.3:
    resolution: {integrity: sha512-5xoDfX+fL7faATnagmWPpbFtwh/R77WmMMqqHGS65C3vvB0YHrgF+B1YmZ3441tMj5n63k0212XNoJwzlhffQw==}
    engines: {node: ^8.16.0 || ^10.6.0 || >=11.0.0}
    os: [darwin]
    requiresBuild: true
    dev: true
    optional: true

  /glob-parent@5.1.2:
    resolution: {integrity: sha512-AOIgSQCepiJYwP3ARnGx+5VnTu2HBYdzbGP45eLw1vr3zB3vZLeyed1sC9hnbcOc9/SrMyM5RPQrkGz4aS9Zow==}
    engines: {node: '>= 6'}
    dependencies:
      is-glob: 4.0.3
    dev: true

  /graceful-fs@4.2.11:
    resolution: {integrity: sha512-RbJ5/jmFcNNCcDV5o9eTnBLJ/HszWV0P73bc+Ff4nS/rJj+YaS6IGyiOL0VoBYX+l1Wrl3k63h/KrH+nhJ0XvQ==}
    dev: true

  /gradient-string@2.0.2:
    resolution: {integrity: sha512-rEDCuqUQ4tbD78TpzsMtt5OIf0cBCSDWSJtUDaF6JsAh+k0v9r++NzxNEG87oDZx9ZwGhD8DaezR2L/yrw0Jdw==}
    engines: {node: '>=10'}
    dependencies:
      chalk: 4.1.2
      tinygradient: 1.1.5
    dev: true

  /gray-matter@4.0.3:
    resolution: {integrity: sha512-5v6yZd4JK3eMI3FqqCouswVqwugaA9r4dNZB1wwcmrD02QkV5H0y7XBQW8QwQqEaZY1pM9aqORSORhJRdNK44Q==}
    engines: {node: '>=6.0'}
    dependencies:
      js-yaml: 3.14.1
      kind-of: 6.0.3
      section-matter: 1.0.0
      strip-bom-string: 1.0.0
    dev: true

  /h3@1.9.0:
    resolution: {integrity: sha512-+F3ZqrNV/CFXXfZ2lXBINHi+rM4Xw3CDC5z2CDK3NMPocjonKipGLLDSkrqY9DOrioZNPTIdDMWfQKm//3X2DA==}
    dependencies:
      cookie-es: 1.0.0
      defu: 6.1.3
      destr: 2.0.2
      iron-webcrypto: 1.0.0
      radix3: 1.1.0
      ufo: 1.3.2
      uncrypto: 0.1.3
      unenv: 1.8.0
    dev: true

  /has-flag@4.0.0:
    resolution: {integrity: sha512-EykJT/Q1KjTWctppgIAgfSO0tKVuZUjhgMr17kqTumMl6Afv3EISleU7qZUzoXDFTAHTDC4NOoG/ZxU3EvlMPQ==}
    engines: {node: '>=8'}
    dev: true

  /http-errors@2.0.0:
    resolution: {integrity: sha512-FtwrG/euBzaEjYeRqOgly7G0qviiXoJWnvEH2Z1plBdXgbyjv34pHTSb9zoeHMyDy33+DWy5Wt9Wo+TURtOYSQ==}
    engines: {node: '>= 0.8'}
    dependencies:
      depd: 2.0.0
      inherits: 2.0.4
      setprototypeof: 1.2.0
      statuses: 2.0.1
      toidentifier: 1.0.1
    dev: true

  /inherits@2.0.4:
    resolution: {integrity: sha512-k/vGaX4/Yla3WzyMCvTQOXYeIHvqOKtnqBduzTHpzpQZzAskKMhZ2K+EnBiSM9zGSoIFeMpXKxa4dYeZIQqewQ==}
    dev: true

  /iron-webcrypto@1.0.0:
    resolution: {integrity: sha512-anOK1Mktt8U1Xi7fCM3RELTuYbnFikQY5VtrDj7kPgpejV7d43tWKhzgioO0zpkazLEL/j/iayRqnJhrGfqUsg==}
    dev: true

  /is-binary-path@2.1.0:
    resolution: {integrity: sha512-ZMERYes6pDydyuGidse7OsHxtbI7WVeUEozgR/g7rd0xUimYNlvZRE/K2MgZTjWy725IfelLeVcEM97mmtRGXw==}
    engines: {node: '>=8'}
    dependencies:
      binary-extensions: 2.2.0
    dev: true

  /is-extendable@0.1.1:
    resolution: {integrity: sha512-5BMULNob1vgFX6EjQw5izWDxrecWK9AM72rugNr0TFldMOi0fj6Jk+zeKIt0xGj4cEfQIJth4w3OKWOJ4f+AFw==}
    engines: {node: '>=0.10.0'}
    dev: true

  /is-extglob@2.1.1:
    resolution: {integrity: sha512-SbKbANkN603Vi4jEZv49LeVJMn4yGwsbzZworEoyEiutsN3nJYdbO36zfhGJ6QEDpOZIFkDtnq5JRxmvl3jsoQ==}
    engines: {node: '>=0.10.0'}
    dev: true

  /is-glob@4.0.3:
    resolution: {integrity: sha512-xelSayHH36ZgE7ZWhli7pW34hNbNl8Ojv5KVmkJD4hBdD3th8Tfk9vYasLM+mXWOZhFkgZfxhLSnrwRr4elSSg==}
    engines: {node: '>=0.10.0'}
    dependencies:
      is-extglob: 2.1.1
    dev: true

  /is-number@7.0.0:
    resolution: {integrity: sha512-41Cifkg6e8TylSpdtTpeLVMqvSBEVzTttHvERD741+pnZ8ANv0004MRL43QKPDlK9cGvNp6NZWZUBlbGXYxxng==}
    engines: {node: '>=0.12.0'}
    dev: true

  /js-yaml@3.14.1:
    resolution: {integrity: sha512-okMH7OXXJ7YrN9Ok3/SXrnu4iX9yOk+25nqX4imS2npuvTYDmo/QEZoqwZkYaIDk3jVvBOTOIEgEhaLOynBS9g==}
    hasBin: true
    dependencies:
      argparse: 1.0.10
      esprima: 4.0.1
    dev: true

  /kind-of@6.0.3:
    resolution: {integrity: sha512-dcS1ul+9tmeD95T+x28/ehLgd9mENa3LsvDTtzm3vyBEO7RPptvAD+t44WVXaUjTBRcrpFeFlC8WCruUR456hw==}
    engines: {node: '>=0.10.0'}
    dev: true

  /make-error@1.3.6:
    resolution: {integrity: sha512-s8UhlNe7vPKomQhC1qFelMokr/Sc3AgNbso3n74mVPA5LTZwkB9NlXf4XPamLxJE8h0gh73rM94xvwRT2CVInw==}
    dev: true

  /marked@11.0.1:
    resolution: {integrity: sha512-P4kDhFEMlvLePBPRwOcMOv6+lYUbhfbSxJFs3Jb4Qx7v6K7l+k8Dxh9CEGfRvK71tL+qIFz5y7Pe4uzt4+/A3A==}
    engines: {node: '>= 18'}
    hasBin: true
    dev: true

  /mime@1.6.0:
    resolution: {integrity: sha512-x0Vn8spI+wuJ1O6S7gnbaQg8Pxh4NNHb7KSINmEWKiPE4RKOplvijn+NkmYmmRgP68mc70j2EbeTFRsrswaQeg==}
    engines: {node: '>=4'}
    hasBin: true
    dev: true

  /mime@3.0.0:
    resolution: {integrity: sha512-jSCU7/VB1loIWBZe14aEYHU/+1UMEHoaO7qxCOVJOw9GgH72VAWppxNcjU+x9a2k3GSIBXNKxXQFqRvvZ7vr3A==}
    engines: {node: '>=10.0.0'}
    hasBin: true
    dev: true

  /ms@2.0.0:
    resolution: {integrity: sha512-Tpp60P6IUJDTuOq/5Z8cdskzJujfwqfOTkrwIwj7IRISpnkJnT6SyJ4PCPnGMoFjC9ddhal5KVIYtAt97ix05A==}
    dev: true

  /ms@2.1.3:
    resolution: {integrity: sha512-6FlzubTLZG3J2a/NVCAleEhjzq5oxgHyaCU9yYXvcLsvoVaHJq/s5xXI6/XXP6tz7R9xAOtHnSO/tXtF3WRTlA==}
    dev: true

  /node-fetch-native@1.4.1:
    resolution: {integrity: sha512-NsXBU0UgBxo2rQLOeWNZqS3fvflWePMECr8CoSWoSTqCqGbVVsvl9vZu1HfQicYN0g5piV9Gh8RTEvo/uP752w==}
    dev: true

  /normalize-path@3.0.0:
    resolution: {integrity: sha512-6eZs5Ls3WtCisHWp9S2GUy8dqkpGi4BVSz3GaqiE6ezub0512ESztXUwUB6C6IKbQkY2Pnb/mD4WYojCRwcwLA==}
    engines: {node: '>=0.10.0'}
    dev: true

  /nunjucks@3.2.4(chokidar@3.5.3):
    resolution: {integrity: sha512-26XRV6BhkgK0VOxfbU5cQI+ICFUtMLixv1noZn1tGU38kQH5A5nmmbk/O45xdyBhD1esk47nKrY0mvQpZIhRjQ==}
    engines: {node: '>= 6.9.0'}
    hasBin: true
    peerDependencies:
      chokidar: ^3.3.0
    peerDependenciesMeta:
      chokidar:
        optional: true
    dependencies:
      a-sync-waterfall: 1.0.1
      asap: 2.0.6
      chokidar: 3.5.3
      commander: 5.1.0
    dev: true

  /on-finished@2.4.1:
    resolution: {integrity: sha512-oVlzkg3ENAhCk2zdv7IJwd/QUD4z2RxRwpkcGY8psCVcCYZNq4wYnVWALHM+brtuJjePWiYF/ClmuDr8Ch5+kg==}
    engines: {node: '>= 0.8'}
    dependencies:
      ee-first: 1.1.1
    dev: true

  /parseurl@1.3.3:
    resolution: {integrity: sha512-CiyeOxFT/JZyN5m0z9PfXw4SCBJ6Sygz1Dpl0wqjlhDEGGBP1GnsUVEL0p63hoG1fcj3fHynXi9NYO4nWOL+qQ==}
    engines: {node: '>= 0.8'}
    dev: true

  /pathe@1.1.1:
    resolution: {integrity: sha512-d+RQGp0MAYTIaDBIMmOfMwz3E+LOZnxx1HZd5R18mmCZY0QBlK0LDZfPc8FW8Ed2DlvsuE6PRjroDY+wg4+j/Q==}
    dev: true

  /picomatch@2.3.1:
    resolution: {integrity: sha512-JU3teHTNjmE2VCGFzuY8EXzCDVwEqB2a8fsIvwaStHhAWJEeVd1o1QD80CU6+ZdEXXSLbSsuLwJjkCBWqRQUVA==}
    engines: {node: '>=8.6'}
    dev: true

  /radix3@1.1.0:
    resolution: {integrity: sha512-pNsHDxbGORSvuSScqNJ+3Km6QAVqk8CfsCBIEoDgpqLrkD2f3QM4I7d1ozJJ172OmIcoUcerZaNWqtLkRXTV3A==}
    dev: true

  /range-parser@1.2.1:
    resolution: {integrity: sha512-Hrgsx+orqoygnmhFbKaHE6c296J+HTAQXoxEF6gNupROmmGJRoyzfG3ccAveqCBrwr/2yxQ5BVd/GTl5agOwSg==}
    engines: {node: '>= 0.6'}
    dev: true

  /readdirp@3.6.0:
    resolution: {integrity: sha512-hOS089on8RduqdbhvQ5Z37A0ESjsqz6qnRcffsMU3495FuTdqSm+7bhJ29JvIOsBDEEnan5DPu9t3To9VRlMzA==}
    engines: {node: '>=8.10.0'}
    dependencies:
      picomatch: 2.3.1
    dev: true

  /regenerator-runtime@0.14.1:
    resolution: {integrity: sha512-dYnhHh0nJoMfnkZs6GmmhFknAGRrLznOu5nc9ML+EJxGvrx6H7teuevqVqCuPcPK//3eDrrjQhehXVx9cnkGdw==}
    dev: true

  /section-matter@1.0.0:
    resolution: {integrity: sha512-vfD3pmTzGpufjScBh50YHKzEu2lxBWhVEHsNGoEXmCmn2hKGfeNLYMzCJpe8cD7gqX7TJluOVpBkAequ6dgMmA==}
    engines: {node: '>=4'}
    dependencies:
      extend-shallow: 2.0.1
      kind-of: 6.0.3
    dev: true

  /send@0.18.0:
    resolution: {integrity: sha512-qqWzuOjSFOuqPjFe4NOsMLafToQQwBSOEpS+FwEt3A2V3vKubTquT3vmLTQpFgMXp8AlFWFuP1qKaJZOtPpVXg==}
    engines: {node: '>= 0.8.0'}
    dependencies:
      debug: 2.6.9
      depd: 2.0.0
      destroy: 1.2.0
      encodeurl: 1.0.2
      escape-html: 1.0.3
      etag: 1.8.1
      fresh: 0.5.2
      http-errors: 2.0.0
      mime: 1.6.0
      ms: 2.1.3
      on-finished: 2.4.1
      range-parser: 1.2.1
      statuses: 2.0.1
    transitivePeerDependencies:
      - supports-color
    dev: true

  /setprototypeof@1.2.0:
    resolution: {integrity: sha512-E5LDX7Wrp85Kil5bhZv46j8jOeboKq5JMmYM3gVGdGH8xFpPWXUMsNrlODCrkoxMEeNi/XZIwuRvY4XNwYMJpw==}
    dev: true

  /slugify@1.6.6:
    resolution: {integrity: sha512-h+z7HKHYXj6wJU+AnS/+IH8Uh9fdcX1Lrhg1/VMdf9PwoBQXFcXiAdsy2tSK0P6gKwJLXp02r90ahUCqHk9rrw==}
    engines: {node: '>=8.0.0'}
    dev: true

  /sprintf-js@1.0.3:
    resolution: {integrity: sha512-D9cPgkvLlV3t3IzL0D0YLvGA9Ahk4PcvVwUbN0dSGr1aP0Nrt4AEnTUbuGvquEC0mA64Gqt1fzirlRs5ibXx8g==}
    dev: true

  /sprintf-js@1.1.3:
    resolution: {integrity: sha512-Oo+0REFV59/rz3gfJNKQiBlwfHaSESl1pcGyABQsnnIfWOFt6JNj5gCog2U6MLZ//IGYD+nA8nI+mTShREReaA==}
    dev: true

  /statuses@2.0.1:
    resolution: {integrity: sha512-RwNA9Z/7PrK06rYLIzFMlaF+l73iwpzsqRIFgbMLbTcLD6cOao82TaWefPXQvB2fOC4AjuYSEndS7N/mTCbkdQ==}
    engines: {node: '>= 0.8'}
    dev: true

  /strip-bom-string@1.0.0:
    resolution: {integrity: sha512-uCC2VHvQRYu+lMh4My/sFNmF2klFymLX1wHJeXnbEJERpV/ZsVuonzerjfrGpIGF7LBVa1O7i9kjiWvJiFck8g==}
    engines: {node: '>=0.10.0'}
    dev: true

  /supports-color@7.2.0:
    resolution: {integrity: sha512-qpCAvRl9stuOHveKsn7HncJRvv501qIacKzQlO/+Lwxc9+0q2wLyv4Dfvt80/DPn2pqOBsJdDiogXGR9+OvwRw==}
    engines: {node: '>=8'}
    dependencies:
      has-flag: 4.0.0
    dev: true

  /tinycolor2@1.6.0:
    resolution: {integrity: sha512-XPaBkWQJdsf3pLKJV9p4qN/S+fm2Oj8AIPo1BTUhg5oxkvm9+SVEGFdhyOz7tTdUTfvxMiAs4sp6/eZO2Ew+pw==}
    dev: true

  /tinygradient@1.1.5:
    resolution: {integrity: sha512-8nIfc2vgQ4TeLnk2lFj4tRLvvJwEfQuabdsmvDdQPT0xlk9TaNtpGd6nNRxXoK6vQhN6RSzj+Cnp5tTQmpxmbw==}
    dependencies:
      '@types/tinycolor2': 1.4.6
      tinycolor2: 1.6.0
    dev: true

  /to-regex-range@5.0.1:
    resolution: {integrity: sha512-65P7iz6X5yEr1cwcgvQxbbIw7Uk3gOy5dIdtZ4rDveLqhrdJP+Li/Hx6tyK0NEb+2GCyneCMJiGqrADCSNk8sQ==}
    engines: {node: '>=8.0'}
    dependencies:
      is-number: 7.0.0
    dev: true

  /toidentifier@1.0.1:
    resolution: {integrity: sha512-o5sSPKEkg/DIQNmH43V0/uerLrpzVedkUh8tGNvaeXpfpuwjKenlSox/2O/BTlZUtEe+JG7s5YhEz608PlAHRA==}
    engines: {node: '>=0.6'}
    dev: true

  /ts-node@10.9.1(@types/node@20.10.2)(typescript@5.3.2):
    resolution: {integrity: sha512-NtVysVPkxxrwFGUUxGYhfux8k78pQB3JqYBXlLRZgdGUqTO5wU/UyHop5p70iEbGhB7q5KmiZiU0Y3KlJrScEw==}
    hasBin: true
    peerDependencies:
      '@swc/core': '>=1.2.50'
      '@swc/wasm': '>=1.2.50'
      '@types/node': '*'
      typescript: '>=2.7'
    peerDependenciesMeta:
      '@swc/core':
        optional: true
      '@swc/wasm':
        optional: true
    dependencies:
      '@cspotcode/source-map-support': 0.8.1
      '@tsconfig/node10': 1.0.9
      '@tsconfig/node12': 1.0.11
      '@tsconfig/node14': 1.0.3
      '@tsconfig/node16': 1.0.4
      '@types/node': 20.10.2
      acorn: 8.11.2
      acorn-walk: 8.3.0
      arg: 4.1.3
      create-require: 1.1.1
      diff: 4.0.2
      make-error: 1.3.6
      typescript: 5.3.2
      v8-compile-cache-lib: 3.0.1
      yn: 3.1.1
    dev: true

  /typescript@5.3.2:
    resolution: {integrity: sha512-6l+RyNy7oAHDfxC4FzSJcz9vnjTKxrLpDG5M2Vu4SHRVNg6xzqZp6LYSR9zjqQTu8DU/f5xwxUdADOkbrIX2gQ==}
    engines: {node: '>=14.17'}
    hasBin: true
    dev: true

  /ufo@1.3.2:
    resolution: {integrity: sha512-o+ORpgGwaYQXgqGDwd+hkS4PuZ3QnmqMMxRuajK/a38L6fTpcE5GPIfrf+L/KemFzfUpeUQc1rRS1iDBozvnFA==}
    dev: true

  /uncrypto@0.1.3:
    resolution: {integrity: sha512-Ql87qFHB3s/De2ClA9e0gsnS6zXG27SkTiSJwjCc9MebbfapQfuPzumMIUMi38ezPZVNFcHI9sUIepeQfw8J8Q==}
    dev: true

  /undici-types@5.26.5:
    resolution: {integrity: sha512-JlCMO+ehdEIKqlFxk6IfVoAUVmgz7cU7zD/h9XZ0qzeosSHmUJVOzSQvvYSYWXkFXC+IfLKSIffhv0sVZup6pA==}
    dev: true

  /unenv@1.8.0:
    resolution: {integrity: sha512-uIGbdCWZfhRRmyKj1UioCepQ0jpq638j/Cf0xFTn4zD1nGJ2lSdzYHLzfdXN791oo/0juUiSWW1fBklXMTsuqg==}
    dependencies:
      consola: 3.2.3
      defu: 6.1.3
      mime: 3.0.0
      node-fetch-native: 1.4.1
      pathe: 1.1.1
    dev: true

  /v8-compile-cache-lib@3.0.1:
    resolution: {integrity: sha512-wa7YjyUGfNZngI/vtK0UHAN+lgDCxBPCylVXGp0zu59Fz5aiGtNXaq3DhIov063MorB+VfufLh3JlF2KdTK3xg==}
    dev: true

  /yn@3.1.1:
    resolution: {integrity: sha512-Ux4ygGWsu2c7isFWe8Yu1YluJmqVhxqK2cLXNQA5AcC3QfbGNpM7fu0Y8b/z16pXLnFxZYvWhd3fhBY9DLmC6Q==}
    engines: {node: '>=6'}
    dev: true
